{
  "name": "Networks & Distinguished Systems",
  "lockfileVersion": 3,
  "requires": true,
  "packages": {
    "": {
      "dependencies": {
        "tls": "^0.0.1"
      }
    },
    "node_modules/tls": {
      "version": "0.0.1",
      "resolved": "https://registry.npmjs.org/tls/-/tls-0.0.1.tgz",
      "integrity": "sha512-GzHpG+hwupY8VMR6rYsnAhTHqT/97zT45PG8WD5eTT1lq+dFE0nN+1PYpsoBcHJgSmTz5ceK2Cv88IkPmIPOtQ=="
    }
  }
}
